
Microsoft Visual Studio Solution File, Format Version 12.00
# Visual Studio Version 17
VisualStudioVersion = 17.5.002.0
MinimumVisualStudioVersion = 10.0.40219.1
Project("{9A19103F-16F7-4668-BE54-9A1E7A4F7556}") = "ejercicio3", "ejercicio3.csproj", "{4D6DB241-5E0D-4C99-A238-CB762CB9E53C}"
EndProject
Global
	GlobalSection(SolutionConfigurationPlatforms) = preSolution
		Debug|Any CPU = Debug|Any CPU
		Release|Any CPU = Release|Any CPU
	EndGlobalSection
	GlobalSection(ProjectConfigurationPlatforms) = postSolution
		{4D6DB241-5E0D-4C99-A238-CB762CB9E53C}.Debug|Any CPU.ActiveCfg = Debug|Any CPU
		{4D6DB241-5E0D-4C99-A238-CB762CB9E53C}.Debug|Any CPU.Build.0 = Debug|Any CPU
		{4D6DB241-5E0D-4C99-A238-CB762CB9E53C}.Release|Any CPU.ActiveCfg = Release|Any CPU
		{4D6DB241-5E0D-4C99-A238-CB762CB9E53C}.Release|Any CPU.Build.0 = Release|Any CPU
	EndGlobalSection
	GlobalSection(SolutionProperties) = preSolution
		HideSolutionNode = FALSE
	EndGlobalSection
	GlobalSection(ExtensibilityGlobals) = postSolution
		SolutionGuid = {1D12CD19-E5C6-49E4-8C33-665837288026}
	EndGlobalSection
EndGlobal
